
Microsoft Visual Studio Solution File, Format Version 11.00
# Visual Studio 2010
Project("{FAE04EC0-301F-11D3-BF4B-00C04F79EFBC}") = "Assembly-CSharp", "Assembly-CSharp.csproj", "{1B0089F9-579C-D01A-1841-3EAFF55051EC}"
EndProject
Project("{FAE04EC0-301F-11D3-BF4B-00C04F79EFBC}") = "Assembly-CSharp-firstpass", "Assembly-CSharp-firstpass.csproj", "{DA3780E6-2298-8E10-A3E1-E987013B0C1A}"
EndProject
Project("{FAE04EC0-301F-11D3-BF4B-00C04F79EFBC}") = "Assembly-CSharp-Editor-firstpass", "Assembly-CSharp-Editor-firstpass.csproj", "{85322914-53D9-9F2E-470B-012EBEA8D4AF}"
EndProject
Global
	GlobalSection(SolutionConfigurationPlatforms) = preSolution
		Debug|Any CPU = Debug|Any CPU
		Release|Any CPU = Release|Any CPU
	EndGlobalSection
	GlobalSection(ProjectConfigurationPlatforms) = postSolution
		{1B0089F9-579C-D01A-1841-3EAFF55051EC}.Debug|Any CPU.ActiveCfg = Debug|Any CPU
		{1B0089F9-579C-D01A-1841-3EAFF55051EC}.Debug|Any CPU.Build.0 = Debug|Any CPU
		{1B0089F9-579C-D01A-1841-3EAFF55051EC}.Release|Any CPU.ActiveCfg = Release|Any CPU
		{1B0089F9-579C-D01A-1841-3EAFF55051EC}.Release|Any CPU.Build.0 = Release|Any CPU
		{DA3780E6-2298-8E10-A3E1-E987013B0C1A}.Debug|Any CPU.ActiveCfg = Debug|Any CPU
		{DA3780E6-2298-8E10-A3E1-E987013B0C1A}.Debug|Any CPU.Build.0 = Debug|Any CPU
		{DA3780E6-2298-8E10-A3E1-E987013B0C1A}.Release|Any CPU.ActiveCfg = Release|Any CPU
		{DA3780E6-2298-8E10-A3E1-E987013B0C1A}.Release|Any CPU.Build.0 = Release|Any CPU
		{85322914-53D9-9F2E-470B-012EBEA8D4AF}.Debug|Any CPU.ActiveCfg = Debug|Any CPU
		{85322914-53D9-9F2E-470B-012EBEA8D4AF}.Debug|Any CPU.Build.0 = Debug|Any CPU
		{85322914-53D9-9F2E-470B-012EBEA8D4AF}.Release|Any CPU.ActiveCfg = Release|Any CPU
		{85322914-53D9-9F2E-470B-012EBEA8D4AF}.Release|Any CPU.Build.0 = Release|Any CPU
	EndGlobalSection
	GlobalSection(SolutionProperties) = preSolution
		HideSolutionNode = FALSE
	EndGlobalSection
	GlobalSection(MonoDevelopProperties) = preSolution
		StartupItem = Assembly-CSharp.csproj
	EndGlobalSection
EndGlobal
